
Microsoft Visual Studio Solution File, Format Version 12.00
# Visual Studio Version 16
VisualStudioVersion = 16.0.31911.196
MinimumVisualStudioVersion = 10.0.40219.1
Project("{FAE04EC0-301F-11D3-BF4B-00C04F79EFBC}") = "WindowsFormsApp3", "WindowsFormsApp3\WindowsFormsApp3.csproj", "{78A46C80-AE5F-4458-B564-75A842850636}"
EndProject
Global
	GlobalSection(SolutionConfigurationPlatforms) = preSolution
		Debug|Any CPU = Debug|Any CPU
		Release|Any CPU = Release|Any CPU
	EndGlobalSection
	GlobalSection(ProjectConfigurationPlatforms) = postSolution
		{78A46C80-AE5F-4458-B564-75A842850636}.Debug|Any CPU.ActiveCfg = Debug|Any CPU
		{78A46C80-AE5F-4458-B564-75A842850636}.Debug|Any CPU.Build.0 = Debug|Any CPU
		{78A46C80-AE5F-4458-B564-75A842850636}.Release|Any CPU.ActiveCfg = Release|Any CPU
		{78A46C80-AE5F-4458-B564-75A842850636}.Release|Any CPU.Build.0 = Release|Any CPU
	EndGlobalSection
	GlobalSection(SolutionProperties) = preSolution
		HideSolutionNode = FALSE
	EndGlobalSection
	GlobalSection(ExtensibilityGlobals) = postSolution
		SolutionGuid = {B001EE1A-5505-4D48-BFEC-ABF05DC6584D}
	EndGlobalSection
EndGlobal
